lockfileVersion: '9.0'

settings:
  autoInstallPeers: true
  excludeLinksFromLockfile: false

importers:

  .:
    dependencies:
      '@tloncorp/api':
        specifier: github:tloncorp/api-beta#main
        version: git+https://git@github.com:tloncorp/api-beta.git#35af049a532ef7febbc72dde51dfe4a64bdb91ba
    devDependencies:
      '@types/node':
        specifier: ^20.0.0
        version: 20.19.31
      typescript:
        specifier: ^5.1.3
        version: 5.9.3

packages:

  '@tloncorp/api@git+https://git@github.com:tloncorp/api-beta.git#35af049a532ef7febbc72dde51dfe4a64bdb91ba':
    resolution: {commit: 35af049a532ef7febbc72dde51dfe4a64bdb91ba, repo: git@github.com:tloncorp/api-beta.git, type: git}
    version: 0.0.1
    peerDependencies:
      '@tanstack/react-query': ^5.32.1
      '@tiptap/core': ^2.0.0
      '@tiptap/react': ^2.0.0
      react: ^18.0.0
    peerDependenciesMeta:
      '@tanstack/react-query':
        optional: true
      '@tiptap/core':
        optional: true
      '@tiptap/react':
        optional: true
      react:
        optional: true

  '@types/node@20.19.31':
    resolution: {integrity: sha512-5jsi0wpncvTD33Sh1UCgacK37FFwDn+EG7wCmEvs62fCvBL+n8/76cAYDok21NF6+jaVWIqKwCZyX7Vbu8eB3A==}

  '@urbit/aura@3.0.0':
    resolution: {integrity: sha512-N8/FHc/lmlMDCumMuTXyRHCxlov5KZY6unmJ9QR2GOw+OpROZMBsXYGwE+ZMtvN21ql9+Xb8KhGNBj08IrG3Wg==}
    engines: {node: '>=16', npm: '>=8'}

  '@urbit/nockjs@1.6.0':
    resolution: {integrity: sha512-f2xCIxoYQh+bp/p6qztvgxnhGsnUwcrSSvW2CUKX7BPPVkDNppQCzCVPWo38TbqgChE7wh6rC1pm6YNCOyFlQA==}

  any-ascii@0.3.3:
    resolution: {integrity: sha512-8hm+zPrc1VnlxD5eRgMo9F9k2wEMZhbZVLKwA/sPKIt6ywuz7bI9uV/yb27uvc8fv8q6Wl2piJT51q1saKX0Jw==}
    engines: {node: '>=12.20'}

  base64-js@1.5.1:
    resolution: {integrity: sha512-AKpaYlHn8t4SVbOHCy+b5+KKgvR4vrsD8vbvrbiQJps7fKDTkjkDry6ji0rUJjC0kzbNePLwzxq8iypo41qeWA==}

  big-integer@1.6.52:
    resolution: {integrity: sha512-QxD8cf2eVqJOOz63z6JIN9BzvVs/dlySa5HGSBH5xtR8dPteIRQnBxxKqkNTiT6jbDTF6jAfrd4oMcND9RGbQg==}
    engines: {node: '>=0.6'}

  browser-or-node@3.0.0:
    resolution: {integrity: sha512-iczIdVJzGEYhP5DqQxYM9Hh7Ztpqqi+CXZpSmX8ALFs9ecXkQIeqRyM6TfxEfMVpwhl3dSuDvxdzzo9sUOIVBQ==}

  buffer@6.0.3:
    resolution: {integrity: sha512-FTiCpNxtwiZZHEZbcbTIcZjERVICn9yq/pDFkTl95/AxzD1naBctN7YO68riM/gLSDY7sdrMby8hofADYuuqOA==}

  date-fns@3.6.0:
    resolution: {integrity: sha512-fRHTG8g/Gif+kSh50gaGEdToemgfj74aRX3swtiouboip5JDLAyDE9F11nHMIcvOaXeOC6D7SpNhi7uFyB7Uww==}

  emoji-regex@10.6.0:
    resolution: {integrity: sha512-toUI84YS5YmxW219erniWD0CIVOo46xGKColeNQRgOzDorgBi1v4D71/OFzgD9GO2UGKIv1C3Sp8DAn0+j5w7A==}

  exponential-backoff@3.1.3:
    resolution: {integrity: sha512-ZgEeZXj30q+I0EN+CbSSpIyPaJ5HVQD18Z1m+u1FXbAeT94mr1zw50q4q6jiiC447Nl/YTcIYSAftiGqetwXCA==}

  ieee754@1.2.1:
    resolution: {integrity: sha512-dcyqhDvX1C46lXZcVqCpK+FtMRQVdIMN6/Df5js2zouUsqG7I6sFxitIC+7KYK29KdXOLHdu9zL4sFnoVQnqaA==}

  libphonenumber-js@1.12.36:
    resolution: {integrity: sha512-woWhKMAVx1fzzUnMCyOzglgSgf6/AFHLASdOBcchYCyvWSGWt12imw3iu2hdI5d4dGZRsNWAmWiz37sDKUPaRQ==}

  lodash@4.17.23:
    resolution: {integrity: sha512-LgVTMpQtIopCi79SJeDiP0TfWi5CNEc/L/aRdTh3yIvmZXTnheWpKjSZhnvMl8iXbC1tFg9gdHHDMLoV7CnG+w==}

  sorted-btree@1.8.1:
    resolution: {integrity: sha512-395+XIP+wqNn3USkFSrNz7G3Ss/MXlZEqesxvzCRFwL14h6e8LukDHdLBePn5pwbm5OQ9vGu8mDyz2lLDIqamQ==}

  typescript@5.9.3:
    resolution: {integrity: sha512-jl1vZzPDinLr9eUt3J/t7V6FgNEw9QjvBPdysz9KfQDD41fQrC2Y4vKQdiaUpFT4bXlb1RHhLpp8wtm6M5TgSw==}
    engines: {node: '>=14.17'}
    hasBin: true

  undici-types@6.21.0:
    resolution: {integrity: sha512-iwDZqg0QAGrg9Rav5H4n0M64c3mkR59cJ6wQp+7C4nI0gsmExaedaYLNO44eT4AtBBwjbTiGPMlt2Md0T9H9JQ==}

  validator@13.15.26:
    resolution: {integrity: sha512-spH26xU080ydGggxRyR1Yhcbgx+j3y5jbNXk/8L+iRvdIEQ4uTRH2Sgf2dokud6Q4oAtsbNvJ1Ft+9xmm6IZcA==}
    engines: {node: '>= 0.10'}

snapshots:

  '@tloncorp/api@git+https://git@github.com:tloncorp/api-beta.git#35af049a532ef7febbc72dde51dfe4a64bdb91ba':
    dependencies:
      '@urbit/aura': 3.0.0
      '@urbit/nockjs': 1.6.0
      any-ascii: 0.3.3
      big-integer: 1.6.52
      browser-or-node: 3.0.0
      buffer: 6.0.3
      date-fns: 3.6.0
      emoji-regex: 10.6.0
      exponential-backoff: 3.1.3
      libphonenumber-js: 1.12.36
      lodash: 4.17.23
      sorted-btree: 1.8.1
      validator: 13.15.26

  '@types/node@20.19.31':
    dependencies:
      undici-types: 6.21.0

  '@urbit/aura@3.0.0': {}

  '@urbit/nockjs@1.6.0': {}

  any-ascii@0.3.3: {}

  base64-js@1.5.1: {}

  big-integer@1.6.52: {}

  browser-or-node@3.0.0: {}

  buffer@6.0.3:
    dependencies:
      base64-js: 1.5.1
      ieee754: 1.2.1

  date-fns@3.6.0: {}

  emoji-regex@10.6.0: {}

  exponential-backoff@3.1.3: {}

  ieee754@1.2.1: {}

  libphonenumber-js@1.12.36: {}

  lodash@4.17.23: {}

  sorted-btree@1.8.1: {}

  typescript@5.9.3: {}

  undici-types@6.21.0: {}

  validator@13.15.26: {}
